
Microsoft Visual Studio Solution File, Format Version 12.00
# Visual Studio Version 17
VisualStudioVersion = 17.3.32901.215
MinimumVisualStudioVersion = 10.0.40219.1
Project("{FAE04EC0-301F-11D3-BF4B-00C04F79EFBC}") = "WinFormsAppPrueba", "WinFormsAppPrueba\WinFormsAppPrueba.csproj", "{78126A41-7529-4317-9085-269B17A0DC1D}"
EndProject
Global
	GlobalSection(SolutionConfigurationPlatforms) = preSolution
		Debug|Any CPU = Debug|Any CPU
		Release|Any CPU = Release|Any CPU
	EndGlobalSection
	GlobalSection(ProjectConfigurationPlatforms) = postSolution
		{78126A41-7529-4317-9085-269B17A0DC1D}.Debug|Any CPU.ActiveCfg = Debug|Any CPU
		{78126A41-7529-4317-9085-269B17A0DC1D}.Debug|Any CPU.Build.0 = Debug|Any CPU
		{78126A41-7529-4317-9085-269B17A0DC1D}.Release|Any CPU.ActiveCfg = Release|Any CPU
		{78126A41-7529-4317-9085-269B17A0DC1D}.Release|Any CPU.Build.0 = Release|Any CPU
	EndGlobalSection
	GlobalSection(SolutionProperties) = preSolution
		HideSolutionNode = FALSE
	EndGlobalSection
	GlobalSection(ExtensibilityGlobals) = postSolution
		SolutionGuid = {6CD52560-5FE3-40D3-BD35-6B67616A710F}
	EndGlobalSection
EndGlobal
